
Microsoft Visual Studio Solution File, Format Version 12.00
# Visual Studio 2013
VisualStudioVersion = 12.0.21005.1
MinimumVisualStudioVersion = 10.0.40219.1
Project("{FAE04EC0-301F-11D3-BF4B-00C04F79EFBC}") = "WebUi", "WebUi\WebUi.csproj", "{A574F15D-4A99-4540-AB49-0713574BBA3D}"
EndProject
Project("{FAE04EC0-301F-11D3-BF4B-00C04F79EFBC}") = "Bloog.Tests", "Bloog.Tests\Bloog.Tests.csproj", "{8B50CB28-2442-498B-8603-03D550EE465C}"
EndProject
Project("{2150E333-8FDC-42A3-9474-1A3956D46DE8}") = "1.Presentation", "1.Presentation", "{FF27153A-3D16-4A2A-B4AF-7FC925435769}"
EndProject
Project("{2150E333-8FDC-42A3-9474-1A3956D46DE8}") = "2.Model", "2.Model", "{EE5BF8BC-0B36-4EEC-AD38-CEE18BD0E186}"
EndProject
Project("{2150E333-8FDC-42A3-9474-1A3956D46DE8}") = "3.Shared", "3.Shared", "{BEC06F46-407F-49BE-B243-DD11D1D5E4F3}"
EndProject
Project("{2150E333-8FDC-42A3-9474-1A3956D46DE8}") = "4.Tests", "4.Tests", "{7576ED9E-9986-4C39-84D5-9D630B707364}"
EndProject
Project("{FAE04EC0-301F-11D3-BF4B-00C04F79EFBC}") = "Infrastructure", "Infrastructure\Infrastructure.csproj", "{7BE76880-383C-4C13-8E38-ED11F8B6B40D}"
EndProject
Project("{FAE04EC0-301F-11D3-BF4B-00C04F79EFBC}") = "Domain", "Domain\Domain.csproj", "{6699DE12-39B6-4985-82BD-A24ABE7879BE}"
EndProject
Project("{FAE04EC0-301F-11D3-BF4B-00C04F79EFBC}") = "WebInfrastructure", "WebInfrastructure\WebInfrastructure.csproj", "{C323977C-F114-4B2C-BA11-8E892910C1A5}"
EndProject
Project("{2150E333-8FDC-42A3-9474-1A3956D46DE8}") = "5. HTML Templates", "5. HTML Templates", "{2B266AA7-E634-4506-9887-AB89A91FFC52}"
EndProject
Project("{E24C65DC-7377-472B-9ABA-BC803B73C61A}") = "BlogTemplate(2)", "http://localhost:24093", "{ECBE40C6-43C5-4D66-9E1D-676BD602F4AF}"
	ProjectSection(WebsiteProperties) = preProject
		UseIISExpress = "true"
		TargetFrameworkMoniker = ".NETFramework,Version%3Dv4.5"
		Debug.AspNetCompiler.VirtualPath = "/localhost_24093"
		Debug.AspNetCompiler.PhysicalPath = "..\..\HTML Templates\BlogTemplate\"
		Debug.AspNetCompiler.TargetPath = "PrecompiledWeb\localhost_24093\"
		Debug.AspNetCompiler.Updateable = "true"
		Debug.AspNetCompiler.ForceOverwrite = "true"
		Debug.AspNetCompiler.FixedNames = "false"
		Debug.AspNetCompiler.Debug = "True"
		Release.AspNetCompiler.VirtualPath = "/localhost_24093"
		Release.AspNetCompiler.PhysicalPath = "..\..\HTML Templates\BlogTemplate\"
		Release.AspNetCompiler.TargetPath = "PrecompiledWeb\localhost_24093\"
		Release.AspNetCompiler.Updateable = "true"
		Release.AspNetCompiler.ForceOverwrite = "true"
		Release.AspNetCompiler.FixedNames = "false"
		Release.AspNetCompiler.Debug = "False"
		SlnRelativePath = "..\..\HTML Templates\BlogTemplate\"
	EndProjectSection
EndProject
Project("{E24C65DC-7377-472B-9ABA-BC803B73C61A}") = "AdminTemplate(2)", "http://localhost:24096", "{ABE5E648-1A73-4BD5-A643-B3F4F9DCD095}"
	ProjectSection(WebsiteProperties) = preProject
		UseIISExpress = "true"
		TargetFrameworkMoniker = ".NETFramework,Version%3Dv4.5"
		Debug.AspNetCompiler.VirtualPath = "/localhost_24096"
		Debug.AspNetCompiler.PhysicalPath = "..\..\HTML Templates\AdminTemplate\"
		Debug.AspNetCompiler.TargetPath = "PrecompiledWeb\localhost_24096\"
		Debug.AspNetCompiler.Updateable = "true"
		Debug.AspNetCompiler.ForceOverwrite = "true"
		Debug.AspNetCompiler.FixedNames = "false"
		Debug.AspNetCompiler.Debug = "True"
		Release.AspNetCompiler.VirtualPath = "/localhost_24096"
		Release.AspNetCompiler.PhysicalPath = "..\..\HTML Templates\AdminTemplate\"
		Release.AspNetCompiler.TargetPath = "PrecompiledWeb\localhost_24096\"
		Release.AspNetCompiler.Updateable = "true"
		Release.AspNetCompiler.ForceOverwrite = "true"
		Release.AspNetCompiler.FixedNames = "false"
		Release.AspNetCompiler.Debug = "False"
		SlnRelativePath = "..\..\HTML Templates\AdminTemplate\"
	EndProjectSection
EndProject
Global
	GlobalSection(SolutionConfigurationPlatforms) = preSolution
		Debug|Any CPU = Debug|Any CPU
		Release|Any CPU = Release|Any CPU
	EndGlobalSection
	GlobalSection(ProjectConfigurationPlatforms) = postSolution
		{A574F15D-4A99-4540-AB49-0713574BBA3D}.Debug|Any CPU.ActiveCfg = Debug|Any CPU
		{A574F15D-4A99-4540-AB49-0713574BBA3D}.Debug|Any CPU.Build.0 = Debug|Any CPU
		{A574F15D-4A99-4540-AB49-0713574BBA3D}.Release|Any CPU.ActiveCfg = Release|Any CPU
		{A574F15D-4A99-4540-AB49-0713574BBA3D}.Release|Any CPU.Build.0 = Release|Any CPU
		{8B50CB28-2442-498B-8603-03D550EE465C}.Debug|Any CPU.ActiveCfg = Debug|Any CPU
		{8B50CB28-2442-498B-8603-03D550EE465C}.Debug|Any CPU.Build.0 = Debug|Any CPU
		{8B50CB28-2442-498B-8603-03D550EE465C}.Release|Any CPU.ActiveCfg = Release|Any CPU
		{8B50CB28-2442-498B-8603-03D550EE465C}.Release|Any CPU.Build.0 = Release|Any CPU
		{7BE76880-383C-4C13-8E38-ED11F8B6B40D}.Debug|Any CPU.ActiveCfg = Debug|Any CPU
		{7BE76880-383C-4C13-8E38-ED11F8B6B40D}.Debug|Any CPU.Build.0 = Debug|Any CPU
		{7BE76880-383C-4C13-8E38-ED11F8B6B40D}.Release|Any CPU.ActiveCfg = Release|Any CPU
		{7BE76880-383C-4C13-8E38-ED11F8B6B40D}.Release|Any CPU.Build.0 = Release|Any CPU
		{6699DE12-39B6-4985-82BD-A24ABE7879BE}.Debug|Any CPU.ActiveCfg = Debug|Any CPU
		{6699DE12-39B6-4985-82BD-A24ABE7879BE}.Debug|Any CPU.Build.0 = Debug|Any CPU
		{6699DE12-39B6-4985-82BD-A24ABE7879BE}.Release|Any CPU.ActiveCfg = Release|Any CPU
		{6699DE12-39B6-4985-82BD-A24ABE7879BE}.Release|Any CPU.Build.0 = Release|Any CPU
		{C323977C-F114-4B2C-BA11-8E892910C1A5}.Debug|Any CPU.ActiveCfg = Debug|Any CPU
		{C323977C-F114-4B2C-BA11-8E892910C1A5}.Debug|Any CPU.Build.0 = Debug|Any CPU
		{C323977C-F114-4B2C-BA11-8E892910C1A5}.Release|Any CPU.ActiveCfg = Release|Any CPU
		{C323977C-F114-4B2C-BA11-8E892910C1A5}.Release|Any CPU.Build.0 = Release|Any CPU
		{ECBE40C6-43C5-4D66-9E1D-676BD602F4AF}.Debug|Any CPU.ActiveCfg = Debug|Any CPU
		{ECBE40C6-43C5-4D66-9E1D-676BD602F4AF}.Debug|Any CPU.Build.0 = Debug|Any CPU
		{ECBE40C6-43C5-4D66-9E1D-676BD602F4AF}.Release|Any CPU.ActiveCfg = Debug|Any CPU
		{ECBE40C6-43C5-4D66-9E1D-676BD602F4AF}.Release|Any CPU.Build.0 = Debug|Any CPU
		{ABE5E648-1A73-4BD5-A643-B3F4F9DCD095}.Debug|Any CPU.ActiveCfg = Debug|Any CPU
		{ABE5E648-1A73-4BD5-A643-B3F4F9DCD095}.Debug|Any CPU.Build.0 = Debug|Any CPU
		{ABE5E648-1A73-4BD5-A643-B3F4F9DCD095}.Release|Any CPU.ActiveCfg = Debug|Any CPU
		{ABE5E648-1A73-4BD5-A643-B3F4F9DCD095}.Release|Any CPU.Build.0 = Debug|Any CPU
	EndGlobalSection
	GlobalSection(SolutionProperties) = preSolution
		HideSolutionNode = FALSE
	EndGlobalSection
	GlobalSection(NestedProjects) = preSolution
		{A574F15D-4A99-4540-AB49-0713574BBA3D} = {FF27153A-3D16-4A2A-B4AF-7FC925435769}
		{C323977C-F114-4B2C-BA11-8E892910C1A5} = {FF27153A-3D16-4A2A-B4AF-7FC925435769}
		{6699DE12-39B6-4985-82BD-A24ABE7879BE} = {EE5BF8BC-0B36-4EEC-AD38-CEE18BD0E186}
		{7BE76880-383C-4C13-8E38-ED11F8B6B40D} = {BEC06F46-407F-49BE-B243-DD11D1D5E4F3}
		{8B50CB28-2442-498B-8603-03D550EE465C} = {7576ED9E-9986-4C39-84D5-9D630B707364}
		{ECBE40C6-43C5-4D66-9E1D-676BD602F4AF} = {2B266AA7-E634-4506-9887-AB89A91FFC52}
		{ABE5E648-1A73-4BD5-A643-B3F4F9DCD095} = {2B266AA7-E634-4506-9887-AB89A91FFC52}
	EndGlobalSection
EndGlobal
